<?xml version="1.0" encoding="utf-8"?>
<Project ToolsVersion="4.0" xmlns="http://schemas.microsoft.com/developer/msbuild/2003">
  <ItemGroup>
    <ClCompile Include="..\SampleClient3D\NATUtils.cpp" />
    <ClCompile Include="SampleService.cpp" />
    <ClCompile Include="ServiceBase.cpp" />
    <ClCompile Include="ServiceInstaller.cpp" />
    <ClCompile Include="StepVR_Service.cpp" />
    <ClCompile Include="StepVR_Server.cpp" />
  </ItemGroup>
</Project>